
Microsoft Visual Studio Solution File, Format Version 12.00
# Visual Studio Version 17
VisualStudioVersion = 17.4.33122.133
MinimumVisualStudioVersion = 10.0.40219.1
Project("{FAE04EC0-301F-11D3-BF4B-00C04F79EFBC}") = "Proje", "Proje\Proje.csproj", "{21F307F1-17C5-43C7-B128-863405A7612A}"
EndProject
Project("{FAE04EC0-301F-11D3-BF4B-00C04F79EFBC}") = "EntityLayer", "EntityLayer\EntityLayer.csproj", "{8284D001-F740-48A1-A7D1-2C0A6B0801D2}"
EndProject
Project("{FAE04EC0-301F-11D3-BF4B-00C04F79EFBC}") = "DataAccessLayer", "DataAccessLayer\DataAccessLayer.csproj", "{9ADD8801-4D3B-4C53-8C1B-37A64F768F3A}"
EndProject
Project("{FAE04EC0-301F-11D3-BF4B-00C04F79EFBC}") = "BusinessLayer", "BusinessLayer\BusinessLayer.csproj", "{D04358B0-446F-4A66-82EC-5712C4BD804D}"
EndProject
Global
	GlobalSection(SolutionConfigurationPlatforms) = preSolution
		Debug|Any CPU = Debug|Any CPU
		Release|Any CPU = Release|Any CPU
	EndGlobalSection
	GlobalSection(ProjectConfigurationPlatforms) = postSolution
		{21F307F1-17C5-43C7-B128-863405A7612A}.Debug|Any CPU.ActiveCfg = Debug|Any CPU
		{21F307F1-17C5-43C7-B128-863405A7612A}.Debug|Any CPU.Build.0 = Debug|Any CPU
		{21F307F1-17C5-43C7-B128-863405A7612A}.Release|Any CPU.ActiveCfg = Release|Any CPU
		{21F307F1-17C5-43C7-B128-863405A7612A}.Release|Any CPU.Build.0 = Release|Any CPU
		{8284D001-F740-48A1-A7D1-2C0A6B0801D2}.Debug|Any CPU.ActiveCfg = Debug|Any CPU
		{8284D001-F740-48A1-A7D1-2C0A6B0801D2}.Debug|Any CPU.Build.0 = Debug|Any CPU
		{8284D001-F740-48A1-A7D1-2C0A6B0801D2}.Release|Any CPU.ActiveCfg = Release|Any CPU
		{8284D001-F740-48A1-A7D1-2C0A6B0801D2}.Release|Any CPU.Build.0 = Release|Any CPU
		{9ADD8801-4D3B-4C53-8C1B-37A64F768F3A}.Debug|Any CPU.ActiveCfg = Debug|Any CPU
		{9ADD8801-4D3B-4C53-8C1B-37A64F768F3A}.Debug|Any CPU.Build.0 = Debug|Any CPU
		{9ADD8801-4D3B-4C53-8C1B-37A64F768F3A}.Release|Any CPU.ActiveCfg = Release|Any CPU
		{9ADD8801-4D3B-4C53-8C1B-37A64F768F3A}.Release|Any CPU.Build.0 = Release|Any CPU
		{D04358B0-446F-4A66-82EC-5712C4BD804D}.Debug|Any CPU.ActiveCfg = Debug|Any CPU
		{D04358B0-446F-4A66-82EC-5712C4BD804D}.Debug|Any CPU.Build.0 = Debug|Any CPU
		{D04358B0-446F-4A66-82EC-5712C4BD804D}.Release|Any CPU.ActiveCfg = Release|Any CPU
		{D04358B0-446F-4A66-82EC-5712C4BD804D}.Release|Any CPU.Build.0 = Release|Any CPU
	EndGlobalSection
	GlobalSection(SolutionProperties) = preSolution
		HideSolutionNode = FALSE
	EndGlobalSection
	GlobalSection(ExtensibilityGlobals) = postSolution
		SolutionGuid = {1E2D00EF-C850-4813-B856-F8C13ED30C62}
	EndGlobalSection
EndGlobal
